
Microsoft Visual Studio Solution File, Format Version 12.00
# Visual Studio 14
VisualStudioVersion = 14.0.23107.0
MinimumVisualStudioVersion = 10.0.40219.1
Project("{FAE04EC0-301F-11D3-BF4B-00C04F79EFBC}") = "happynumber", "happynumber\happynumber.csproj", "{70F3B7F5-D635-487A-A638-B47F9862681F}"
EndProject
Global
	GlobalSection(SolutionConfigurationPlatforms) = preSolution
		Debug|Any CPU = Debug|Any CPU
		Release|Any CPU = Release|Any CPU
	EndGlobalSection
	GlobalSection(ProjectConfigurationPlatforms) = postSolution
		{70F3B7F5-D635-487A-A638-B47F9862681F}.Debug|Any CPU.ActiveCfg = Debug|Any CPU
		{70F3B7F5-D635-487A-A638-B47F9862681F}.Debug|Any CPU.Build.0 = Debug|Any CPU
		{70F3B7F5-D635-487A-A638-B47F9862681F}.Release|Any CPU.ActiveCfg = Release|Any CPU
		{70F3B7F5-D635-487A-A638-B47F9862681F}.Release|Any CPU.Build.0 = Release|Any CPU
	EndGlobalSection
	GlobalSection(SolutionProperties) = preSolution
		HideSolutionNode = FALSE
	EndGlobalSection
EndGlobal
